// !$*UTF8*$!
{
	archiveVersion = 1;
	classes = {
	};
	objectVersion = 56;
	objects = {

/* Begin PBXBuildFile section */
		7D38411A29DA150900AAD1E1 /* FructusApp.swift in Sources */ = {isa = PBXBuildFile; fileRef = 7D38411929DA150900AAD1E1 /* FructusApp.swift */; };
		7D38411C29DA150900AAD1E1 /* ContentView.swift in Sources */ = {isa = PBXBuildFile; fileRef = 7D38411B29DA150900AAD1E1 /* ContentView.swift */; };
		7D38411E29DA150900AAD1E1 /* Assets.xcassets in Resources */ = {isa = PBXBuildFile; fileRef = 7D38411D29DA150900AAD1E1 /* Assets.xcassets */; };
		7D38412129DA150900AAD1E1 /* Preview Assets.xcassets in Resources */ = {isa = PBXBuildFile; fileRef = 7D38412029DA150900AAD1E1 /* Preview Assets.xcassets */; };
		7DC9EAB829DB53A70031A266 /* FruitCardView.swift in Sources */ = {isa = PBXBuildFile; fileRef = 7DC9EAB729DB53A70031A266 /* FruitCardView.swift */; };
		7DE9D46729DC3B1000980662 /* StartButtonView.swift in Sources */ = {isa = PBXBuildFile; fileRef = 7DE9D46629DC3B1000980662 /* StartButtonView.swift */; };
		7DE9D46929DC3DD800980662 /* OnboardingView.swift in Sources */ = {isa = PBXBuildFile; fileRef = 7DE9D46829DC3DD800980662 /* OnboardingView.swift */; };
		7DE9D46D29DC409300980662 /* FruitModel.swift in Sources */ = {isa = PBXBuildFile; fileRef = 7DE9D46C29DC409300980662 /* FruitModel.swift */; };
		7DE9D47029DC417200980662 /* FruitData.swift in Sources */ = {isa = PBXBuildFile; fileRef = 7DE9D46F29DC417200980662 /* FruitData.swift */; };
		7DE9D47229DC4FCB00980662 /* FruitRowView.swift in Sources */ = {isa = PBXBuildFile; fileRef = 7DE9D47129DC4FCB00980662 /* FruitRowView.swift */; };
		7DE9D47629DC543300980662 /* FruitDetailView.swift in Sources */ = {isa = PBXBuildFile; fileRef = 7DE9D47529DC543300980662 /* FruitDetailView.swift */; };
		7DE9D47829DC573D00980662 /* FruitHeaderView.swift in Sources */ = {isa = PBXBuildFile; fileRef = 7DE9D47729DC573D00980662 /* FruitHeaderView.swift */; };
		7DE9D47A29DC596700980662 /* SourceLinkView.swift in Sources */ = {isa = PBXBuildFile; fileRef = 7DE9D47929DC596700980662 /* SourceLinkView.swift */; };
		7DE9D47C29DC5BD000980662 /* FruitNutrientsView.swift in Sources */ = {isa = PBXBuildFile; fileRef = 7DE9D47B29DC5BD000980662 /* FruitNutrientsView.swift */; };
		7DE9D47E29DC5FEC00980662 /* SettingsView.swift in Sources */ = {isa = PBXBuildFile; fileRef = 7DE9D47D29DC5FEC00980662 /* SettingsView.swift */; };
		7DE9D48029DC63A600980662 /* SettingsLabelView.swift in Sources */ = {isa = PBXBuildFile; fileRef = 7DE9D47F29DC63A600980662 /* SettingsLabelView.swift */; };
/* End PBXBuildFile section */

/* Begin PBXFileReference section */
		7D38411629DA150900AAD1E1 /* Fruit-App.app */ = {isa = PBXFileReference; explicitFileType = wrapper.application; includeInIndex = 0; path = "Fruit-App.app"; sourceTree = BUILT_PRODUCTS_DIR; };
		7D38411929DA150900AAD1E1 /* FructusApp.swift */ = {isa = PBXFileReference; lastKnownFileType = sourcecode.swift; path = FructusApp.swift; sourceTree = "<group>"; };
		7D38411B29DA150900AAD1E1 /* ContentView.swift */ = {isa = PBXFileReference; lastKnownFileType = sourcecode.swift; path = ContentView.swift; sourceTree = "<group>"; };
		7D38411D29DA150900AAD1E1 /* Assets.xcassets */ = {isa = PBXFileReference; lastKnownFileType = folder.assetcatalog; path = Assets.xcassets; sourceTree = "<group>"; };
		7D38412029DA150900AAD1E1 /* Preview Assets.xcassets */ = {isa = PBXFileReference; lastKnownFileType = folder.assetcatalog; path = "Preview Assets.xcassets"; sourceTree = "<group>"; };
		7DC9EAB729DB53A70031A266 /* FruitCardView.swift */ = {isa = PBXFileReference; lastKnownFileType = sourcecode.swift; path = FruitCardView.swift; sourceTree = "<group>"; };
		7DE9D46629DC3B1000980662 /* StartButtonView.swift */ = {isa = PBXFileReference; lastKnownFileType = sourcecode.swift; path = StartButtonView.swift; sourceTree = "<group>"; };
		7DE9D46829DC3DD800980662 /* OnboardingView.swift */ = {isa = PBXFileReference; lastKnownFileType = sourcecode.swift; path = OnboardingView.swift; sourceTree = "<group>"; };
		7DE9D46C29DC409300980662 /* FruitModel.swift */ = {isa = PBXFileReference; lastKnownFileType = sourcecode.swift; path = FruitModel.swift; sourceTree = "<group>"; };
		7DE9D46F29DC417200980662 /* FruitData.swift */ = {isa = PBXFileReference; lastKnownFileType = sourcecode.swift; path = FruitData.swift; sourceTree = "<group>"; };
		7DE9D47129DC4FCB00980662 /* FruitRowView.swift */ = {isa = PBXFileReference; lastKnownFileType = sourcecode.swift; path = FruitRowView.swift; sourceTree = "<group>"; };
		7DE9D47529DC543300980662 /* FruitDetailView.swift */ = {isa = PBXFileReference; lastKnownFileType = sourcecode.swift; path = FruitDetailView.swift; sourceTree = "<group>"; };
		7DE9D47729DC573D00980662 /* FruitHeaderView.swift */ = {isa = PBXFileReference; lastKnownFileType = sourcecode.swift; path = FruitHeaderView.swift; sourceTree = "<group>"; };
		7DE9D47929DC596700980662 /* SourceLinkView.swift */ = {isa = PBXFileReference; lastKnownFileType = sourcecode.swift; path = SourceLinkView.swift; sourceTree = "<group>"; };
		7DE9D47B29DC5BD000980662 /* FruitNutrientsView.swift */ = {isa = PBXFileReference; lastKnownFileType = sourcecode.swift; path = FruitNutrientsView.swift; sourceTree = "<group>"; };
		7DE9D47D29DC5FEC00980662 /* SettingsView.swift */ = {isa = PBXFileReference; lastKnownFileType = sourcecode.swift; path = SettingsView.swift; sourceTree = "<group>"; };
		7DE9D47F29DC63A600980662 /* SettingsLabelView.swift */ = {isa = PBXFileReference; lastKnownFileType = sourcecode.swift; path = SettingsLabelView.swift; sourceTree = "<group>"; };
/* End PBXFileReference section */

/* Begin PBXFrameworksBuildPhase section */
		7D38411329DA150900AAD1E1 /* Frameworks */ = {
			isa = PBXFrameworksBuildPhase;
			buildActionMask = 2147483647;
			files = (
			);
			runOnlyForDeploymentPostprocessing = 0;
		};
/* End PBXFrameworksBuildPhase section */

/* Begin PBXGroup section */
		7D38410D29DA150900AAD1E1 = {
			isa = PBXGroup;
			children = (
				7D38411829DA150900AAD1E1 /* Fruit-App */,
				7D38411729DA150900AAD1E1 /* Products */,
			);
			sourceTree = "<group>";
		};
		7D38411729DA150900AAD1E1 /* Products */ = {
			isa = PBXGroup;
			children = (
				7D38411629DA150900AAD1E1 /* Fruit-App.app */,
			);
			name = Products;
			sourceTree = "<group>";
		};
		7D38411829DA150900AAD1E1 /* Fruit-App */ = {
			isa = PBXGroup;
			children = (
				7D38411D29DA150900AAD1E1 /* Assets.xcassets */,
				7DC9EAB529DB534A0031A266 /* App */,
				7DE9D46E29DC415C00980662 /* Data */,
				7DE9D46A29DC406200980662 /* Model */,
				7D38411F29DA150900AAD1E1 /* Preview Content */,
				7DC9EAB629DB53790031A266 /* View */,
			);
			path = "Fruit-App";
			sourceTree = "<group>";
		};
		7D38411F29DA150900AAD1E1 /* Preview Content */ = {
			isa = PBXGroup;
			children = (
				7D38412029DA150900AAD1E1 /* Preview Assets.xcassets */,
			);
			path = "Preview Content";
			sourceTree = "<group>";
		};
		7DC9EAB529DB534A0031A266 /* App */ = {
			isa = PBXGroup;
			children = (
				7D38411929DA150900AAD1E1 /* FructusApp.swift */,
				7D38411B29DA150900AAD1E1 /* ContentView.swift */,
				7DE9D46829DC3DD800980662 /* OnboardingView.swift */,
			);
			path = App;
			sourceTree = "<group>";
		};
		7DC9EAB629DB53790031A266 /* View */ = {
			isa = PBXGroup;
			children = (
				7DC9EAB729DB53A70031A266 /* FruitCardView.swift */,
				7DE9D47529DC543300980662 /* FruitDetailView.swift */,
				7DE9D47129DC4FCB00980662 /* FruitRowView.swift */,
				7DE9D46629DC3B1000980662 /* StartButtonView.swift */,
				7DE9D47729DC573D00980662 /* FruitHeaderView.swift */,
				7DE9D47929DC596700980662 /* SourceLinkView.swift */,
				7DE9D47B29DC5BD000980662 /* FruitNutrientsView.swift */,
				7DE9D47D29DC5FEC00980662 /* SettingsView.swift */,
				7DE9D47F29DC63A600980662 /* SettingsLabelView.swift */,
			);
			path = View;
			sourceTree = "<group>";
		};
		7DE9D46A29DC406200980662 /* Model */ = {
			isa = PBXGroup;
			children = (
				7DE9D46C29DC409300980662 /* FruitModel.swift */,
			);
			path = Model;
			sourceTree = "<group>";
		};
		7DE9D46E29DC415C00980662 /* Data */ = {
			isa = PBXGroup;
			children = (
				7DE9D46F29DC417200980662 /* FruitData.swift */,
			);
			path = Data;
			sourceTree = "<group>";
		};
/* End PBXGroup section */

/* Begin PBXNativeTarget section */
		7D38411529DA150900AAD1E1 /* Fruit-App */ = {
			isa = PBXNativeTarget;
			buildConfigurationList = 7D38412429DA150900AAD1E1 /* Build configuration list for PBXNativeTarget "Fruit-App" */;
			buildPhases = (
				7D38411229DA150900AAD1E1 /* Sources */,
				7D38411329DA150900AAD1E1 /* Frameworks */,
				7D38411429DA150900AAD1E1 /* Resources */,
			);
			buildRules = (
			);
			dependencies = (
			);
			name = "Fruit-App";
			productName = "Fruit-App";
			productReference = 7D38411629DA150900AAD1E1 /* Fruit-App.app */;
			productType = "com.apple.product-type.application";
		};
/* End PBXNativeTarget section */

/* Begin PBXProject section */
		7D38410E29DA150900AAD1E1 /* Project object */ = {
			isa = PBXProject;
			attributes = {
				BuildIndependentTargetsInParallel = 1;
				LastSwiftUpdateCheck = 1430;
				LastUpgradeCheck = 1430;
				TargetAttributes = {
					7D38411529DA150900AAD1E1 = {
						CreatedOnToolsVersion = 14.3;
					};
				};
			};
			buildConfigurationList = 7D38411129DA150900AAD1E1 /* Build configuration list for PBXProject "Fruit-App" */;
			compatibilityVersion = "Xcode 14.0";
			developmentRegion = en;
			hasScannedForEncodings = 0;
			knownRegions = (
				en,
				Base,
			);
			mainGroup = 7D38410D29DA150900AAD1E1;
			productRefGroup = 7D38411729DA150900AAD1E1 /* Products */;
			projectDirPath = "";
			projectRoot = "";
			targets = (
				7D38411529DA150900AAD1E1 /* Fruit-App */,
			);
		};
/* End PBXProject section */

/* Begin PBXResourcesBuildPhase section */
		7D38411429DA150900AAD1E1 /* Resources */ = {
			isa = PBXResourcesBuildPhase;
			buildActionMask = 2147483647;
			files = (
				7D38412129DA150900AAD1E1 /* Preview Assets.xcassets in Resources */,
				7D38411E29DA150900AAD1E1 /* Assets.xcassets in Resources */,
			);
			runOnlyForDeploymentPostprocessing = 0;
		};
/* End PBXResourcesBuildPhase section */

/* Begin PBXSourcesBuildPhase section */
		7D38411229DA150900AAD1E1 /* Sources */ = {
			isa = PBXSourcesBuildPhase;
			buildActionMask = 2147483647;
			files = (
				7DE9D47029DC417200980662 /* FruitData.swift in Sources */,
				7DE9D47A29DC596700980662 /* SourceLinkView.swift in Sources */,
				7DC9EAB829DB53A70031A266 /* FruitCardView.swift in Sources */,
				7DE9D47229DC4FCB00980662 /* FruitRowView.swift in Sources */,
				7DE9D47C29DC5BD000980662 /* FruitNutrientsView.swift in Sources */,
				7DE9D46729DC3B1000980662 /* StartButtonView.swift in Sources */,
				7DE9D47629DC543300980662 /* FruitDetailView.swift in Sources */,
				7D38411C29DA150900AAD1E1 /* ContentView.swift in Sources */,
				7DE9D47829DC573D00980662 /* FruitHeaderView.swift in Sources */,
				7DE9D46929DC3DD800980662 /* OnboardingView.swift in Sources */,
				7DE9D48029DC63A600980662 /* SettingsLabelView.swift in Sources */,
				7DE9D46D29DC409300980662 /* FruitModel.swift in Sources */,
				7D38411A29DA150900AAD1E1 /* FructusApp.swift in Sources */,
				7DE9D47E29DC5FEC00980662 /* SettingsView.swift in Sources */,
			);
			runOnlyForDeploymentPostprocessing = 0;
		};
/* End PBXSourcesBuildPhase section */

/* Begin XCBuildConfiguration section */
		7D38412229DA150900AAD1E1 /* Debug */ = {
			isa = XCBuildConfiguration;
			buildSettings = {
				ALWAYS_SEARCH_USER_PATHS = NO;
				CLANG_ANALYZER_NONNULL = YES;
				CLANG_ANALYZER_NUMBER_OBJECT_CONVERSION = YES_AGGRESSIVE;
				CLANG_CXX_LANGUAGE_STANDARD = "gnu++20";
				CLANG_ENABLE_MODULES = YES;
				CLANG_ENABLE_OBJC_ARC = YES;
				CLANG_ENABLE_OBJC_WEAK = YES;
				CLANG_WARN_BLOCK_CAPTURE_AUTORELEASING = YES;
				CLANG_WARN_BOOL_CONVERSION = YES;
				CLANG_WARN_COMMA = YES;
				CLANG_WARN_CONSTANT_CONVERSION = YES;
				CLANG_WARN_DEPRECATED_OBJC_IMPLEMENTATIONS = YES;
				CLANG_WARN_DIRECT_OBJC_ISA_USAGE = YES_ERROR;
				CLANG_WARN_DOCUMENTATION_COMMENTS = YES;
				CLANG_WARN_EMPTY_BODY = YES;
				CLANG_WARN_ENUM_CONVERSION = YES;
				CLANG_WARN_INFINITE_RECURSION = YES;
				CLANG_WARN_INT_CONVERSION = YES;
				CLANG_WARN_NON_LITERAL_NULL_CONVERSION = YES;
				CLANG_WARN_OBJC_IMPLICIT_RETAIN_SELF = YES;
				CLANG_WARN_OBJC_LITERAL_CONVERSION = YES;
				CLANG_WARN_OBJC_ROOT_CLASS = YES_ERROR;
				CLANG_WARN_QUOTED_INCLUDE_IN_FRAMEWORK_HEADER = YES;
				CLANG_WARN_RANGE_LOOP_ANALYSIS = YES;
				CLANG_WARN_STRICT_PROTOTYPES = YES;
				CLANG_WARN_SUSPICIOUS_MOVE = YES;
				CLANG_WARN_UNGUARDED_AVAILABILITY = YES_AGGRESSIVE;
				CLANG_WARN_UNREACHABLE_CODE = YES;
				CLANG_WARN__DUPLICATE_METHOD_MATCH = YES;
				COPY_PHASE_STRIP = NO;
				DEBUG_INFORMATION_FORMAT = dwarf;
				ENABLE_STRICT_OBJC_MSGSEND = YES;
				ENABLE_TESTABILITY = YES;
				GCC_C_LANGUAGE_STANDARD = gnu11;
				GCC_DYNAMIC_NO_PIC = NO;
				GCC_NO_COMMON_BLOCKS = YES;
				GCC_OPTIMIZATION_LEVEL = 0;
				GCC_PREPROCESSOR_DEFINITIONS = (
					"DEBUG=1",
					"$(inherited)",
				);
				GCC_WARN_64_TO_32_BIT_CONVERSION = YES;
				GCC_WARN_ABOUT_RETURN_TYPE = YES_ERROR;
				GCC_WARN_UNDECLARED_SELECTOR = YES;
				GCC_WARN_UNINITIALIZED_AUTOS = YES_AGGRESSIVE;
				GCC_WARN_UNUSED_FUNCTION = YES;
				GCC_WARN_UNUSED_VARIABLE = YES;
				IPHONEOS_DEPLOYMENT_TARGET = 16.4;
				MTL_ENABLE_DEBUG_INFO = INCLUDE_SOURCE;
				MTL_FAST_MATH = YES;
				ONLY_ACTIVE_ARCH = YES;
				SDKROOT = iphoneos;
				SWIFT_ACTIVE_COMPILATION_CONDITIONS = DEBUG;
				SWIFT_OPTIMIZATION_LEVEL = "-Onone";
			};
			name = Debug;
		};
		7D38412329DA150900AAD1E1 /* Release */ = {
			isa = XCBuildConfiguration;
			buildSettings = {
				ALWAYS_SEARCH_USER_PATHS = NO;
				CLANG_ANALYZER_NONNULL = YES;
				CLANG_ANALYZER_NUMBER_OBJECT_CONVERSION = YES_AGGRESSIVE;
				CLANG_CXX_LANGUAGE_STANDARD = "gnu++20";
				CLANG_ENABLE_MODULES = YES;
				CLANG_ENABLE_OBJC_ARC = YES;
				CLANG_ENABLE_OBJC_WEAK = YES;
				CLANG_WARN_BLOCK_CAPTURE_AUTORELEASING = YES;
				CLANG_WARN_BOOL_CONVERSION = YES;
				CLANG_WARN_COMMA = YES;
				CLANG_WARN_CONSTANT_CONVERSION = YES;
				CLANG_WARN_DEPRECATED_OBJC_IMPLEMENTATIONS = YES;
				CLANG_WARN_DIRECT_OBJC_ISA_USAGE = YES_ERROR;
				CLANG_WARN_DOCUMENTATION_COMMENTS = YES;
				CLANG_WARN_EMPTY_BODY = YES;
				CLANG_WARN_ENUM_CONVERSION = YES;
				CLANG_WARN_INFINITE_RECURSION = YES;
				CLANG_WARN_INT_CONVERSION = YES;
				CLANG_WARN_NON_LITERAL_NULL_CONVERSION = YES;
				CLANG_WARN_OBJC_IMPLICIT_RETAIN_SELF = YES;
				CLANG_WARN_OBJC_LITERAL_CONVERSION = YES;
				CLANG_WARN_OBJC_ROOT_CLASS = YES_ERROR;
				CLANG_WARN_QUOTED_INCLUDE_IN_FRAMEWORK_HEADER = YES;
				CLANG_WARN_RANGE_LOOP_ANALYSIS = YES;
				CLANG_WARN_STRICT_PROTOTYPES = YES;
				CLANG_WARN_SUSPICIOUS_MOVE = YES;
				CLANG_WARN_UNGUARDED_AVAILABILITY = YES_AGGRESSIVE;
				CLANG_WARN_UNREACHABLE_CODE = YES;
				CLANG_WARN__DUPLICATE_METHOD_MATCH = YES;
				COPY_PHASE_STRIP = NO;
				DEBUG_INFORMATION_FORMAT = "dwarf-with-dsym";
				ENABLE_NS_ASSERTIONS = NO;
				ENABLE_STRICT_OBJC_MSGSEND = YES;
				GCC_C_LANGUAGE_STANDARD = gnu11;
				GCC_NO_COMMON_BLOCKS = YES;
				GCC_WARN_64_TO_32_BIT_CONVERSION = YES;
				GCC_WARN_ABOUT_RETURN_TYPE = YES_ERROR;
				GCC_WARN_UNDECLARED_SELECTOR = YES;
				GCC_WARN_UNINITIALIZED_AUTOS = YES_AGGRESSIVE;
				GCC_WARN_UNUSED_FUNCTION = YES;
				GCC_WARN_UNUSED_VARIABLE = YES;
				IPHONEOS_DEPLOYMENT_TARGET = 16.4;
				MTL_ENABLE_DEBUG_INFO = NO;
				MTL_FAST_MATH = YES;
				SDKROOT = iphoneos;
				SWIFT_COMPILATION_MODE = wholemodule;
				SWIFT_OPTIMIZATION_LEVEL = "-O";
				VALIDATE_PRODUCT = YES;
			};
			name = Release;
		};
		7D38412529DA150900AAD1E1 /* Debug */ = {
			isa = XCBuildConfiguration;
			buildSettings = {
				ASSETCATALOG_COMPILER_APPICON_NAME = AppIcon;
				ASSETCATALOG_COMPILER_GLOBAL_ACCENT_COLOR_NAME = AccentColor;
				CODE_SIGN_STYLE = Automatic;
				CURRENT_PROJECT_VERSION = 1;
				DEVELOPMENT_ASSET_PATHS = "\"Fruit-App/Preview Content\"";
				ENABLE_PREVIEWS = YES;
				GENERATE_INFOPLIST_FILE = YES;
				INFOPLIST_KEY_CFBundleDisplayName = Fructus;
				INFOPLIST_KEY_LSApplicationCategoryType = "public.app-category.food-and-drink";
				INFOPLIST_KEY_UIApplicationSceneManifest_Generation = YES;
				INFOPLIST_KEY_UIApplicationSupportsIndirectInputEvents = YES;
				INFOPLIST_KEY_UILaunchScreen_Generation = YES;
				INFOPLIST_KEY_UISupportedInterfaceOrientations = UIInterfaceOrientationPortrait;
				INFOPLIST_KEY_UISupportedInterfaceOrientations_iPad = "UIInterfaceOrientationPortrait UIInterfaceOrientationPortraitUpsideDown";
				LD_RUNPATH_SEARCH_PATHS = (
					"$(inherited)",
					"@executable_path/Frameworks",
				);
				MARKETING_VERSION = 1.0;
				PRODUCT_BUNDLE_IDENTIFIER = "com.kadironer.Fruit-App";
				PRODUCT_NAME = "$(TARGET_NAME)";
				SWIFT_EMIT_LOC_STRINGS = YES;
				SWIFT_VERSION = 5.0;
				TARGETED_DEVICE_FAMILY = "1,2";
			};
			name = Debug;
		};
		7D38412629DA150900AAD1E1 /* Release */ = {
			isa = XCBuildConfiguration;
			buildSettings = {
				ASSETCATALOG_COMPILER_APPICON_NAME = AppIcon;
				ASSETCATALOG_COMPILER_GLOBAL_ACCENT_COLOR_NAME = AccentColor;
				CODE_SIGN_STYLE = Automatic;
				CURRENT_PROJECT_VERSION = 1;
				DEVELOPMENT_ASSET_PATHS = "\"Fruit-App/Preview Content\"";
				ENABLE_PREVIEWS = YES;
				GENERATE_INFOPLIST_FILE = YES;
				INFOPLIST_KEY_CFBundleDisplayName = Fructus;
				INFOPLIST_KEY_LSApplicationCategoryType = "public.app-category.food-and-drink";
				INFOPLIST_KEY_UIApplicationSceneManifest_Generation = YES;
				INFOPLIST_KEY_UIApplicationSupportsIndirectInputEvents = YES;
				INFOPLIST_KEY_UILaunchScreen_Generation = YES;
				INFOPLIST_KEY_UISupportedInterfaceOrientations = UIInterfaceOrientationPortrait;
				INFOPLIST_KEY_UISupportedInterfaceOrientations_iPad = "UIInterfaceOrientationPortrait UIInterfaceOrientationPortraitUpsideDown";
				LD_RUNPATH_SEARCH_PATHS = (
					"$(inherited)",
					"@executable_path/Frameworks",
				);
				MARKETING_VERSION = 1.0;
				PRODUCT_BUNDLE_IDENTIFIER = "com.kadironer.Fruit-App";
				PRODUCT_NAME = "$(TARGET_NAME)";
				SWIFT_EMIT_LOC_STRINGS = YES;
				SWIFT_VERSION = 5.0;
				TARGETED_DEVICE_FAMILY = "1,2";
			};
			name = Release;
		};
/* End XCBuildConfiguration section */

/* Begin XCConfigurationList section */
		7D38411129DA150900AAD1E1 /* Build configuration list for PBXProject "Fruit-App" */ = {
			isa = XCConfigurationList;
			buildConfigurations = (
				7D38412229DA150900AAD1E1 /* Debug */,
				7D38412329DA150900AAD1E1 /* Release */,
			);
			defaultConfigurationIsVisible = 0;
			defaultConfigurationName = Release;
		};
		7D38412429DA150900AAD1E1 /* Build configuration list for PBXNativeTarget "Fruit-App" */ = {
			isa = XCConfigurationList;
			buildConfigurations = (
				7D38412529DA150900AAD1E1 /* Debug */,
				7D38412629DA150900AAD1E1 /* Release */,
			);
			defaultConfigurationIsVisible = 0;
			defaultConfigurationName = Release;
		};
/* End XCConfigurationList section */
	};
	rootObject = 7D38410E29DA150900AAD1E1 /* Project object */;
}
